
Microsoft Visual Studio Solution File, Format Version 12.00
# Visual Studio Version 17
VisualStudioVersion = 17.0.31912.275
MinimumVisualStudioVersion = 10.0.40219.1
Project("{9A19103F-16F7-4668-BE54-9A1E7A4F7556}") = "Chet.Security", "Chet.Security\Chet.Security.csproj", "{DCB1BE60-2B86-407F-867F-5045ABC0584B}"
EndProject
Project("{FAE04EC0-301F-11D3-BF4B-00C04F79EFBC}") = "Chet.Security.Test", "Chet.Security.Test\Chet.Security.Test.csproj", "{7031C7E1-2638-435A-B2A8-A329ED556128}"
EndProject
Global
	GlobalSection(SolutionConfigurationPlatforms) = preSolution
		Debug|Any CPU = Debug|Any CPU
		Release|Any CPU = Release|Any CPU
	EndGlobalSection
	GlobalSection(ProjectConfigurationPlatforms) = postSolution
		{DCB1BE60-2B86-407F-867F-5045ABC0584B}.Debug|Any CPU.ActiveCfg = Debug|Any CPU
		{DCB1BE60-2B86-407F-867F-5045ABC0584B}.Debug|Any CPU.Build.0 = Debug|Any CPU
		{DCB1BE60-2B86-407F-867F-5045ABC0584B}.Release|Any CPU.ActiveCfg = Release|Any CPU
		{DCB1BE60-2B86-407F-867F-5045ABC0584B}.Release|Any CPU.Build.0 = Release|Any CPU
		{7031C7E1-2638-435A-B2A8-A329ED556128}.Debug|Any CPU.ActiveCfg = Debug|Any CPU
		{7031C7E1-2638-435A-B2A8-A329ED556128}.Debug|Any CPU.Build.0 = Debug|Any CPU
		{7031C7E1-2638-435A-B2A8-A329ED556128}.Release|Any CPU.ActiveCfg = Release|Any CPU
		{7031C7E1-2638-435A-B2A8-A329ED556128}.Release|Any CPU.Build.0 = Release|Any CPU
	EndGlobalSection
	GlobalSection(SolutionProperties) = preSolution
		HideSolutionNode = FALSE
	EndGlobalSection
	GlobalSection(ExtensibilityGlobals) = postSolution
		SolutionGuid = {81553033-0E69-45EF-9DD9-918A3D09D43F}
	EndGlobalSection
EndGlobal
